
Microsoft Visual Studio Solution File, Format Version 12.00
# Visual Studio Version 16
VisualStudioVersion = 16.0.31702.278
MinimumVisualStudioVersion = 10.0.40219.1
Project("{FAE04EC0-301F-11D3-BF4B-00C04F79EFBC}") = "csharp_prednaska_10", "csharp_prednaska_10\csharp_prednaska_10.csproj", "{26E2B4D0-E69E-40C0-96AA-21F39A6144CB}"
EndProject
Global
	GlobalSection(SolutionConfigurationPlatforms) = preSolution
		Debug|Any CPU = Debug|Any CPU
		Release|Any CPU = Release|Any CPU
	EndGlobalSection
	GlobalSection(ProjectConfigurationPlatforms) = postSolution
		{26E2B4D0-E69E-40C0-96AA-21F39A6144CB}.Debug|Any CPU.ActiveCfg = Debug|Any CPU
		{26E2B4D0-E69E-40C0-96AA-21F39A6144CB}.Debug|Any CPU.Build.0 = Debug|Any CPU
		{26E2B4D0-E69E-40C0-96AA-21F39A6144CB}.Release|Any CPU.ActiveCfg = Release|Any CPU
		{26E2B4D0-E69E-40C0-96AA-21F39A6144CB}.Release|Any CPU.Build.0 = Release|Any CPU
	EndGlobalSection
	GlobalSection(SolutionProperties) = preSolution
		HideSolutionNode = FALSE
	EndGlobalSection
	GlobalSection(ExtensibilityGlobals) = postSolution
		SolutionGuid = {20F419F4-70AE-4716-B6F6-776972CB25D7}
	EndGlobalSection
EndGlobal
